{
    "requires": true,
    "lockfileVersion": 1,
    "dependencies": {
        "@polymer/iron-a11y-announcer": {
            "version": "3.0.2",
            "resolved": "https://registry.npmjs.org/@polymer/iron-a11y-announcer/-/iron-a11y-announcer-3.0.2.tgz",
            "integrity": "sha512-LqnMF39mXyxSSRbTHRzGbcJS8nU0NVTo2raBOgOlpxw5yfGJUVcwaTJ/qy5NtWCZLRfa4suycf0oAkuUjHTXHQ==",
            "requires": {
                "@polymer/polymer": "^3.0.0"
            }
        },
        "@polymer/iron-a11y-keys-behavior": {
            "version": "3.0.1",
            "resolved": "https://registry.npmjs.org/@polymer/iron-a11y-keys-behavior/-/iron-a11y-keys-behavior-3.0.1.tgz",
            "integrity": "sha512-lnrjKq3ysbBPT/74l0Fj0U9H9C35Tpw2C/tpJ8a+5g8Y3YJs1WSZYnEl1yOkw6sEyaxOq/1DkzH0+60gGu5/PQ==",
            "requires": {
                "@polymer/polymer": "^3.0.0"
            }
        },
        "@polymer/iron-flex-layout": {
            "version": "3.0.1",
            "resolved": "https://registry.npmjs.org/@polymer/iron-flex-layout/-/iron-flex-layout-3.0.1.tgz",
            "integrity": "sha512-7gB869czArF+HZcPTVSgvA7tXYFze9EKckvM95NB7SqYF+NnsQyhoXgKnpFwGyo95lUjUW9TFDLUwDXnCYFtkw==",
            "requires": {
                "@polymer/polymer": "^3.0.0"
            }
        },
        "@polymer/iron-icon": {
            "version": "3.0.1",
            "resolved": "https://registry.npmjs.org/@polymer/iron-icon/-/iron-icon-3.0.1.tgz",
            "integrity": "sha512-QLPwirk+UPZNaLnMew9VludXA4CWUCenRewgEcGYwdzVgDPCDbXxy6vRJjmweZobMQv/oVLppT2JZtJFnPxX6g==",
            "requires": {
                "@polymer/iron-flex-layout": "^3.0.0-pre.26",
                "@polymer/iron-meta": "^3.0.0-pre.26",
                "@polymer/polymer": "^3.0.0"
            }
        },
        "@polymer/iron-iconset-svg": {
            "version": "3.0.1",
            "resolved": "https://registry.npmjs.org/@polymer/iron-iconset-svg/-/iron-iconset-svg-3.0.1.tgz",
            "integrity": "sha512-XNwURbNHRw6u2fJe05O5fMYye6GSgDlDqCO+q6K1zAnKIrpgZwf2vTkBd5uCcZwsN0FyCB3mvNZx4jkh85dRDw==",
            "requires": {
                "@polymer/iron-meta": "^3.0.0-pre.26",
                "@polymer/polymer": "^3.0.0"
            }
        },
        "@polymer/iron-list": {
            "version": "3.1.0",
            "resolved": "https://registry.npmjs.org/@polymer/iron-list/-/iron-list-3.1.0.tgz",
            "integrity": "sha512-Eiv6xd3h3oPmn8SXFntXVfC3ZnegH+KHAxiKLKcOASFSRY3mHnr2AdcnExUJ9ItoCMA5UzKaM/0U22eWzGERtA==",
            "requires": {
                "@polymer/iron-a11y-keys-behavior": "^3.0.0-pre.26",
                "@polymer/iron-resizable-behavior": "^3.0.0-pre.26",
                "@polymer/iron-scroll-target-behavior": "^3.0.0-pre.26",
                "@polymer/polymer": "^3.0.0"
            }
        },
        "@polymer/iron-media-query": {
            "version": "3.0.1",
            "resolved": "https://registry.npmjs.org/@polymer/iron-media-query/-/iron-media-query-3.0.1.tgz",
            "integrity": "sha512-czUX1pm1zfmfcZtq5J57XFkcobBv08Y50exp0/3v8Bos5VL/jv2tU0RwiTfDBxUMhjicGbgwEBFQPY2V5DMzyw==",
            "requires": {
                "@polymer/polymer": "^3.0.0"
            }
        },
        "@polymer/iron-meta": {
            "version": "3.0.1",
            "resolved": "https://registry.npmjs.org/@polymer/iron-meta/-/iron-meta-3.0.1.tgz",
            "integrity": "sha512-pWguPugiLYmWFV9UWxLWzZ6gm4wBwQdDy4VULKwdHCqR7OP7u98h+XDdGZsSlDPv6qoryV/e3tGHlTIT0mbzJA==",
            "requires": {
                "@polymer/polymer": "^3.0.0"
            }
        },
        "@polymer/iron-resizable-behavior": {
            "version": "3.0.1",
            "resolved": "https://registry.npmjs.org/@polymer/iron-resizable-behavior/-/iron-resizable-behavior-3.0.1.tgz",
            "integrity": "sha512-FyHxRxFspVoRaeZSWpT3y0C9awomb4tXXolIJcZ7RvXhMP632V5lez+ch5G5SwK0LpnAPkg35eB0LPMFv+YMMQ==",
            "requires": {
                "@polymer/polymer": "^3.0.0"
            }
        },
        "@polymer/iron-scroll-target-behavior": {
            "version": "3.0.1",
            "resolved": "https://registry.npmjs.org/@polymer/iron-scroll-target-behavior/-/iron-scroll-target-behavior-3.0.1.tgz",
            "integrity": "sha512-xg1WanG25BIkQE8rhuReqY9zx1K5M7F+YAIYpswEp5eyDIaZ1Y3vUmVeQ3KG+hiSugzI1M752azXN7kvyhOBcQ==",
            "requires": {
                "@polymer/polymer": "^3.0.0"
            }
        },
        "@polymer/polymer": {
            "version": "3.3.1",
            "resolved": "https://registry.npmjs.org/@polymer/polymer/-/polymer-3.3.1.tgz",
            "integrity": "sha512-8KaB48tzyMjdsHdxo5KvCAaqmTe7rYDzQAoj/pyEfq9Fp4YfUaS+/xqwYj0GbiDAUNzwkmEQ7dw9cgnRNdKO8A==",
            "requires": {
                "@webcomponents/shadycss": "^1.9.1"
            }
        },
        "@types/prismjs": {
            "version": "1.16.0",
            "resolved": "https://registry.npmjs.org/@types/prismjs/-/prismjs-1.16.0.tgz",
            "integrity": "sha512-mEyuziLrfDCQ4juQP1k706BUU/c8OGn/ZFl69AXXY6dStHClKX4P+N8+rhqpul1vRDA2VOygzMRSJJZHyDEOfw=="
        },
        "@webcomponents/shadycss": {
            "version": "1.9.3",
            "resolved": "https://registry.npmjs.org/@webcomponents/shadycss/-/shadycss-1.9.3.tgz",
            "integrity": "sha512-fRuET+UGrH84hG0UF4iHbFqWZKUoan4/ki+iCOJ/vnKltPSHv/ZVbcA6sT/pRreznt8aKEGqN2KdHvgRxn4xjA=="
        },
        "@wonkytech/material-elements": {
            "version": "0.0.5",
            "resolved": "https://registry.npmjs.org/@wonkytech/material-elements/-/material-elements-0.0.5.tgz",
            "integrity": "sha512-wNEpm80YRPf1W8BZtSDItsVk5RpvCr3Co6c8tXfHixe3mxeG0BR5wjXABsWbNkABii93PlAwqPDTUKG1tcsMZg==",
            "requires": {
                "@polymer/polymer": "^3.3.1",
                "blocking-elements": "^0.1.0",
                "lit-element": "^2.0.1",
                "lit-html": "^1.0.0",
                "tslib": "^1.10.0",
                "wicg-inert": "^3.0.0"
            }
        },
        "@wonkytech/tm-examples": {
            "version": "0.0.13",
            "resolved": "https://registry.npmjs.org/@wonkytech/tm-examples/-/tm-examples-0.0.13.tgz",
            "integrity": "sha512-YDEac/ZcuE0X1/9iBk/+aQbvroJktviBPosDqHfCsqdq/ovAh3dPz0I3QYDXffpvP9XVfUlQVgGFBvg6QtSWtw==",
            "requires": {
                "@wonkytech/material-elements": "0.0.5",
                "@wonkytech/tm-sites": "^0.0.4",
                "@wonkytech/vaadin-elements": "0.0.19",
                "codeflask": "^1.4.1",
                "lit-element": "^2.0.1",
                "lit-html": "^1.0.0"
            }
        },
        "@wonkytech/tm-sites": {
            "version": "0.0.4",
            "resolved": "https://registry.npmjs.org/@wonkytech/tm-sites/-/tm-sites-0.0.4.tgz",
            "integrity": "sha512-pfNABUeQOrK3ueAY/nNjn67MzxOnbVey9Qv4+E2U1cmpaMj6sEpD45Izxxm270L+tCKdaGwGL9oNvtM1HrCmog==",
            "requires": {
                "lit-element": "^2.0.1",
                "lit-html": "^1.0.0"
            }
        },
        "@wonkytech/vaadin-elements": {
            "version": "0.0.19",
            "resolved": "https://registry.npmjs.org/@wonkytech/vaadin-elements/-/vaadin-elements-0.0.19.tgz",
            "integrity": "sha512-zY4bOOw4gyz3WheGzzW7tvPTfTl6eESsNM71hY+O27c0XkkAMMsu4l9/xRLbz1qC880qLlISlG1Sxmvdfw/sAw==",
            "requires": {
                "@polymer/iron-a11y-announcer": "^3.0.2",
                "@polymer/iron-a11y-keys-behavior": "^3.0.1",
                "@polymer/iron-icon": "^3.0.1",
                "@polymer/iron-iconset-svg": "^3.0.1",
                "@polymer/iron-list": "^3.1.0",
                "@polymer/iron-media-query": "^3.0.1",
                "@polymer/iron-resizable-behavior": "^3.0.1",
                "@polymer/iron-scroll-target-behavior": "^3.0.1",
                "@polymer/polymer": "^3.3.1",
                "lit-element": "^2.0.1",
                "lit-html": "^1.0.0"
            }
        },
        "blocking-elements": {
            "version": "0.1.0",
            "resolved": "https://registry.npmjs.org/blocking-elements/-/blocking-elements-0.1.0.tgz",
            "integrity": "sha512-m9UvynAHLhlWH4vSovSDAopW7DyJ91qeDnNrJqy+DE+tjhUYiXW1x7pOm3DZBczlQPPypWpOwOz5xd5A76vNvg=="
        },
        "clipboard": {
            "version": "2.0.4",
            "resolved": "https://registry.npmjs.org/clipboard/-/clipboard-2.0.4.tgz",
            "integrity": "sha512-Vw26VSLRpJfBofiVaFb/I8PVfdI1OxKcYShe6fm0sP/DtmiWQNCjhM/okTvdCo0G+lMMm1rMYbk4IK4x1X+kgQ==",
            "optional": true,
            "requires": {
                "good-listener": "^1.2.2",
                "select": "^1.1.2",
                "tiny-emitter": "^2.0.0"
            }
        },
        "codeflask": {
            "version": "1.4.1",
            "resolved": "https://registry.npmjs.org/codeflask/-/codeflask-1.4.1.tgz",
            "integrity": "sha512-4vb2IbE/iwvP0Uubhd2ixVeysm3KNC2pl7SoDaisxq1juhZzvap3qbaX7B2CtpQVvv5V9sjcQK8hO0eTcY0V9Q==",
            "requires": {
                "@types/prismjs": "^1.9.1",
                "prismjs": "^1.14.0"
            }
        },
        "delegate": {
            "version": "3.2.0",
            "resolved": "https://registry.npmjs.org/delegate/-/delegate-3.2.0.tgz",
            "integrity": "sha512-IofjkYBZaZivn0V8nnsMJGBr4jVLxHDheKSW88PyxS5QC4Vo9ZbZVvhzlSxY87fVq3STR6r+4cGepyHkcWOQSw==",
            "optional": true
        },
        "good-listener": {
            "version": "1.2.2",
            "resolved": "https://registry.npmjs.org/good-listener/-/good-listener-1.2.2.tgz",
            "integrity": "sha1-1TswzfkxPf+33JoNR3CWqm0UXFA=",
            "optional": true,
            "requires": {
                "delegate": "^3.1.2"
            }
        },
        "lit-element": {
            "version": "2.2.1",
            "resolved": "https://registry.npmjs.org/lit-element/-/lit-element-2.2.1.tgz",
            "integrity": "sha512-ipDcgQ1EpW6Va2Z6dWm79jYdimVepO5GL0eYkZrFvdr0OD/1N260Q9DH+K5HXHFrRoC7dOg+ZpED2XE0TgGdXw==",
            "requires": {
                "lit-html": "^1.0.0"
            }
        },
        "lit-html": {
            "version": "1.1.2",
            "resolved": "https://registry.npmjs.org/lit-html/-/lit-html-1.1.2.tgz",
            "integrity": "sha512-FFlUMKHKi+qG1x1iHNZ1hrtc/zHmfYTyrSvs3/wBTvaNtpZjOZGWzU7efGYVpgp6KvWeKF6ql9/KsCq6Z/mEDA=="
        },
        "prismjs": {
            "version": "1.21.0",
            "resolved": "https://registry.npmjs.org/prismjs/-/prismjs-1.21.0.tgz",
            "integrity": "sha512-uGdSIu1nk3kej2iZsLyDoJ7e9bnPzIgY0naW/HdknGj61zScaprVEVGHrPoXqI+M9sP0NDnTK2jpkvmldpuqDw==",
            "requires": {
                "clipboard": "^2.0.0"
            }
        },
        "select": {
            "version": "1.1.2",
            "resolved": "https://registry.npmjs.org/select/-/select-1.1.2.tgz",
            "integrity": "sha1-DnNQrN7ICxEIUoeG7B1EGNEbOW0=",
            "optional": true
        },
        "tiny-emitter": {
            "version": "2.1.0",
            "resolved": "https://registry.npmjs.org/tiny-emitter/-/tiny-emitter-2.1.0.tgz",
            "integrity": "sha512-NB6Dk1A9xgQPMoGqC5CVXn123gWyte215ONT5Pp5a0yt4nlEoO1ZWeCwpncaekPHXO60i47ihFnZPiRPjRMq4Q==",
            "optional": true
        },
        "tslib": {
            "version": "1.10.0",
            "resolved": "https://registry.npmjs.org/tslib/-/tslib-1.10.0.tgz",
            "integrity": "sha512-qOebF53frne81cf0S9B41ByenJ3/IuH8yJKngAX35CmiZySA0khhkovshKK+jGCaMnVomla7gVlIcc3EvKPbTQ=="
        },
        "wicg-inert": {
            "version": "3.0.0",
            "resolved": "https://registry.npmjs.org/wicg-inert/-/wicg-inert-3.0.0.tgz",
            "integrity": "sha512-sZsYZ8pk8y6CgDLkTxivfhLDBvZuDWTWBawU8OuDdO0Id6AOd1Gqjkvt9g9Ni7rgHIS7UbRvbLSv1z7MSJDYCA=="
        }
    }
}
